
Microsoft Visual Studio Solution File, Format Version 12.00
# Visual Studio Version 17
VisualStudioVersion = 17.4.33122.133
MinimumVisualStudioVersion = 10.0.40219.1
Project("{FAE04EC0-301F-11D3-BF4B-00C04F79EFBC}") = "ArizonaSunshineLIV", "ArizonaSunshineLIV\ArizonaSunshineLIV.csproj", "{C78A1D4C-684C-4438-BFDE-2C1D54E85C96}"
EndProject
Global
	GlobalSection(SolutionConfigurationPlatforms) = preSolution
		Debug|Any CPU = Debug|Any CPU
		Release|Any CPU = Release|Any CPU
	EndGlobalSection
	GlobalSection(ProjectConfigurationPlatforms) = postSolution
		{C78A1D4C-684C-4438-BFDE-2C1D54E85C96}.Debug|Any CPU.ActiveCfg = Debug|Any CPU
		{C78A1D4C-684C-4438-BFDE-2C1D54E85C96}.Debug|Any CPU.Build.0 = Debug|Any CPU
		{C78A1D4C-684C-4438-BFDE-2C1D54E85C96}.Release|Any CPU.ActiveCfg = Release|Any CPU
		{C78A1D4C-684C-4438-BFDE-2C1D54E85C96}.Release|Any CPU.Build.0 = Release|Any CPU
	EndGlobalSection
	GlobalSection(SolutionProperties) = preSolution
		HideSolutionNode = FALSE
	EndGlobalSection
	GlobalSection(ExtensibilityGlobals) = postSolution
		SolutionGuid = {E22B9EC5-49F7-4526-9B41-103D1B89FFC0}
	EndGlobalSection
EndGlobal
